
Microsoft Visual Studio Solution File, Format Version 12.00
# Visual Studio Version 17
VisualStudioVersion = 17.5.33516.290
MinimumVisualStudioVersion = 10.0.40219.1
Project("{FAE04EC0-301F-11D3-BF4B-00C04F79EFBC}") = "HW4", "HW4\HW4.csproj", "{DFC5B0A3-D060-4F57-823C-FEB190BFD6E8}"
EndProject
Project("{FAE04EC0-301F-11D3-BF4B-00C04F79EFBC}") = "HW9", "HW9\HW9.csproj", "{741E4D91-C191-49D6-96F4-6B75DEC4EDAE}"
EndProject
Global
	GlobalSection(SolutionConfigurationPlatforms) = preSolution
		Debug|Any CPU = Debug|Any CPU
		Release|Any CPU = Release|Any CPU
	EndGlobalSection
	GlobalSection(ProjectConfigurationPlatforms) = postSolution
		{DFC5B0A3-D060-4F57-823C-FEB190BFD6E8}.Debug|Any CPU.ActiveCfg = Debug|Any CPU
		{DFC5B0A3-D060-4F57-823C-FEB190BFD6E8}.Debug|Any CPU.Build.0 = Debug|Any CPU
		{DFC5B0A3-D060-4F57-823C-FEB190BFD6E8}.Release|Any CPU.ActiveCfg = Release|Any CPU
		{DFC5B0A3-D060-4F57-823C-FEB190BFD6E8}.Release|Any CPU.Build.0 = Release|Any CPU
		{741E4D91-C191-49D6-96F4-6B75DEC4EDAE}.Debug|Any CPU.ActiveCfg = Debug|Any CPU
		{741E4D91-C191-49D6-96F4-6B75DEC4EDAE}.Debug|Any CPU.Build.0 = Debug|Any CPU
		{741E4D91-C191-49D6-96F4-6B75DEC4EDAE}.Release|Any CPU.ActiveCfg = Release|Any CPU
		{741E4D91-C191-49D6-96F4-6B75DEC4EDAE}.Release|Any CPU.Build.0 = Release|Any CPU
	EndGlobalSection
	GlobalSection(SolutionProperties) = preSolution
		HideSolutionNode = FALSE
	EndGlobalSection
	GlobalSection(ExtensibilityGlobals) = postSolution
		SolutionGuid = {0F043AE9-074F-469D-AF34-E891FBFAC76E}
	EndGlobalSection
EndGlobal
